
Microsoft Visual Studio Solution File, Format Version 12.00
# Visual Studio Version 17
VisualStudioVersion = 17.14.36414.22 d17.14
MinimumVisualStudioVersion = 10.0.40219.1
Project("{2150E333-8FDC-42A3-9474-1A3956D46DE8}") = "Task0", "Task0", "{02EA681E-C7D8-13C7-8484-4AC65E1B71E8}"
EndProject
Project("{FAE04EC0-301F-11D3-BF4B-00C04F79EFBC}") = "Tyuiu.KomkovAA.Sprint2.Task0.V24", "Tyuiu.KomkovAA.Sprint2.Task0.V24\Tyuiu.KomkovAA.Sprint2.Task0.V24.csproj", "{E62D9F27-F5E3-4A0D-BF50-F45EB4E9FC03}"
EndProject
Project("{FAE04EC0-301F-11D3-BF4B-00C04F79EFBC}") = "Tyuiu.KomkovAA.Sprint2.Task0.V24.Lib", "Tyuiu.KomkovAA.Sprint2.Task0.V24.Lib\Tyuiu.KomkovAA.Sprint2.Task0.V24.Lib.csproj", "{AE26BEC9-060C-4EEB-926F-35F9EC538C9E}"
EndProject
Project("{FAE04EC0-301F-11D3-BF4B-00C04F79EFBC}") = "Tyuiu.KomkovAA.Sprint2.Task0.V24.Test", "Tyuiu.KomkovAA.Sprint2.Task0.V24.Test\Tyuiu.KomkovAA.Sprint2.Task0.V24.Test.csproj", "{30856F3F-950E-4CD8-A689-E09D17C36963}"
EndProject
Project("{2150E333-8FDC-42A3-9474-1A3956D46DE8}") = "Task1", "Task1", "{C4598A61-A3CD-4D8E-B689-8DF94B590281}"
EndProject
Project("{FAE04EC0-301F-11D3-BF4B-00C04F79EFBC}") = "Tyuiu.KomkovAA.Sprint2.Task1.V2", "Tyuiu.KomkovAA.Sprint2.Task1.V2\Tyuiu.KomkovAA.Sprint2.Task1.V2.csproj", "{AE4A4AC7-2AE8-49AF-B4F0-6173FEBFD3D3}"
EndProject
Project("{FAE04EC0-301F-11D3-BF4B-00C04F79EFBC}") = "Tyuiu.KomkovAA.Sprint2.Task1.V2.Lib", "Tyuiu.KomkovAA.Sprint2.Task1.V2.Lib\Tyuiu.KomkovAA.Sprint2.Task1.V2.Lib.csproj", "{BBEE89ED-C453-4D0E-B4D2-C28CA2E38956}"
EndProject
Project("{FAE04EC0-301F-11D3-BF4B-00C04F79EFBC}") = "Tyuiu.KomkovAA.Sprint2.Task1.V2.Test", "Tyuiu.KomkovAA.Sprint2.Task1.V2.Test\Tyuiu.KomkovAA.Sprint2.Task1.V2.Test.csproj", "{128B4869-EF99-4F90-9B96-7FCCAD3C8DE7}"
EndProject
Project("{2150E333-8FDC-42A3-9474-1A3956D46DE8}") = "Task2", "Task2", "{02BF205E-9F68-4683-AF72-078BAA98D327}"
EndProject
Project("{FAE04EC0-301F-11D3-BF4B-00C04F79EFBC}") = "Tyuiu.KomkovAA.Sprint2.Task2.V16", "Tyuiu.KomkovAA.Sprint2.Task2.V16\Tyuiu.KomkovAA.Sprint2.Task2.V16.csproj", "{DBE9F420-EA69-432C-8A63-7E4A5305610A}"
EndProject
Project("{FAE04EC0-301F-11D3-BF4B-00C04F79EFBC}") = "Tyuiu.KomkovAA.Sprint2.Task2.V16.Lib", "Tyuiu.KomkovAA.Sprint2.Task2.V16.Lib\Tyuiu.KomkovAA.Sprint2.Task2.V16.Lib.csproj", "{80E3ED90-A1EC-48E5-A8BB-78D227150C33}"
EndProject
Project("{FAE04EC0-301F-11D3-BF4B-00C04F79EFBC}") = "Tyuiu.KomkovAA.Sprint2.Task2.V16.Test", "Tyuiu.KomkovAA.Sprint2.Task2.V16.Test\Tyuiu.KomkovAA.Sprint2.Task2.V16.Test.csproj", "{62CF7E55-9599-42B7-A182-3A49A34F9032}"
EndProject
Project("{2150E333-8FDC-42A3-9474-1A3956D46DE8}") = "Task3", "Task3", "{B056727C-EA28-4D6F-B593-25E27BB8AC4E}"
EndProject
Project("{FAE04EC0-301F-11D3-BF4B-00C04F79EFBC}") = "Tyuiu.KomkovAA.Sprint2.Task3.V3", "Tyuiu.KomkovAA.Sprint2.Task3.V3\Tyuiu.KomkovAA.Sprint2.Task3.V3.csproj", "{A26EEC73-A3ED-4BE2-917C-43671AA4B1EA}"
EndProject
Project("{FAE04EC0-301F-11D3-BF4B-00C04F79EFBC}") = "Tyuiu.KomkovAA.Sprint2.Task3.V3.Lib", "Tyuiu.KomkovAA.Sprint2.Task3.V3.Lib\Tyuiu.KomkovAA.Sprint2.Task3.V3.Lib.csproj", "{BDB4B1C7-9C12-43ED-9A7B-F15E43D8FB83}"
EndProject
Project("{FAE04EC0-301F-11D3-BF4B-00C04F79EFBC}") = "Tyuiu.KomkovAA.Sprint2.Task3.V3.Test", "Tyuiu.KomkovAA.Sprint2.Task3.V3.Test\Tyuiu.KomkovAA.Sprint2.Task3.V3.Test.csproj", "{ECBC6264-457F-416F-B187-845D2D9C5903}"
EndProject
Project("{2150E333-8FDC-42A3-9474-1A3956D46DE8}") = "Task4", "Task4", "{354006FC-9AB1-40C8-9CF4-833C8D60DE1A}"
EndProject
Project("{FAE04EC0-301F-11D3-BF4B-00C04F79EFBC}") = "Tyuiu.KomkovAA.Sprint2.Task4.V15", "Tyuiu.KomkovAA.Sprint2.Task4.V15\Tyuiu.KomkovAA.Sprint2.Task4.V15.csproj", "{8252A054-8F00-4A4C-8A56-430079782EC1}"
EndProject
Project("{FAE04EC0-301F-11D3-BF4B-00C04F79EFBC}") = "Tyuiu.KomkovAA.Sprint2.Task4.V15.Lib", "Tyuiu.KomkovAA.Sprint2.Task4.V15.Lib\Tyuiu.KomkovAA.Sprint2.Task4.V15.Lib.csproj", "{E7DE9CC8-A3E2-4CCA-A2C6-72EE0FE860EF}"
EndProject
Project("{FAE04EC0-301F-11D3-BF4B-00C04F79EFBC}") = "Tyuiu.KomkovAA.Sprint2.Task4.V15.Test", "Tyuiu.KomkovAA.Sprint2.Task4.V15.Test\Tyuiu.KomkovAA.Sprint2.Task4.V15.Test.csproj", "{3D5E073C-FF5F-4E7F-8A12-B8715357B34B}"
EndProject
Global
	GlobalSection(SolutionConfigurationPlatforms) = preSolution
		Debug|Any CPU = Debug|Any CPU
		Release|Any CPU = Release|Any CPU
	EndGlobalSection
	GlobalSection(ProjectConfigurationPlatforms) = postSolution
		{E62D9F27-F5E3-4A0D-BF50-F45EB4E9FC03}.Debug|Any CPU.ActiveCfg = Debug|Any CPU
		{E62D9F27-F5E3-4A0D-BF50-F45EB4E9FC03}.Debug|Any CPU.Build.0 = Debug|Any CPU
		{E62D9F27-F5E3-4A0D-BF50-F45EB4E9FC03}.Release|Any CPU.ActiveCfg = Release|Any CPU
		{E62D9F27-F5E3-4A0D-BF50-F45EB4E9FC03}.Release|Any CPU.Build.0 = Release|Any CPU
		{AE26BEC9-060C-4EEB-926F-35F9EC538C9E}.Debug|Any CPU.ActiveCfg = Debug|Any CPU
		{AE26BEC9-060C-4EEB-926F-35F9EC538C9E}.Debug|Any CPU.Build.0 = Debug|Any CPU
		{AE26BEC9-060C-4EEB-926F-35F9EC538C9E}.Release|Any CPU.ActiveCfg = Release|Any CPU
		{AE26BEC9-060C-4EEB-926F-35F9EC538C9E}.Release|Any CPU.Build.0 = Release|Any CPU
		{30856F3F-950E-4CD8-A689-E09D17C36963}.Debug|Any CPU.ActiveCfg = Debug|Any CPU
		{30856F3F-950E-4CD8-A689-E09D17C36963}.Debug|Any CPU.Build.0 = Debug|Any CPU
		{30856F3F-950E-4CD8-A689-E09D17C36963}.Release|Any CPU.ActiveCfg = Release|Any CPU
		{30856F3F-950E-4CD8-A689-E09D17C36963}.Release|Any CPU.Build.0 = Release|Any CPU
		{AE4A4AC7-2AE8-49AF-B4F0-6173FEBFD3D3}.Debug|Any CPU.ActiveCfg = Debug|Any CPU
		{AE4A4AC7-2AE8-49AF-B4F0-6173FEBFD3D3}.Debug|Any CPU.Build.0 = Debug|Any CPU
		{AE4A4AC7-2AE8-49AF-B4F0-6173FEBFD3D3}.Release|Any CPU.ActiveCfg = Release|Any CPU
		{AE4A4AC7-2AE8-49AF-B4F0-6173FEBFD3D3}.Release|Any CPU.Build.0 = Release|Any CPU
		{BBEE89ED-C453-4D0E-B4D2-C28CA2E38956}.Debug|Any CPU.ActiveCfg = Debug|Any CPU
		{BBEE89ED-C453-4D0E-B4D2-C28CA2E38956}.Debug|Any CPU.Build.0 = Debug|Any CPU
		{BBEE89ED-C453-4D0E-B4D2-C28CA2E38956}.Release|Any CPU.ActiveCfg = Release|Any CPU
		{BBEE89ED-C453-4D0E-B4D2-C28CA2E38956}.Release|Any CPU.Build.0 = Release|Any CPU
		{128B4869-EF99-4F90-9B96-7FCCAD3C8DE7}.Debug|Any CPU.ActiveCfg = Debug|Any CPU
		{128B4869-EF99-4F90-9B96-7FCCAD3C8DE7}.Debug|Any CPU.Build.0 = Debug|Any CPU
		{128B4869-EF99-4F90-9B96-7FCCAD3C8DE7}.Release|Any CPU.ActiveCfg = Release|Any CPU
		{128B4869-EF99-4F90-9B96-7FCCAD3C8DE7}.Release|Any CPU.Build.0 = Release|Any CPU
		{DBE9F420-EA69-432C-8A63-7E4A5305610A}.Debug|Any CPU.ActiveCfg = Debug|Any CPU
		{DBE9F420-EA69-432C-8A63-7E4A5305610A}.Debug|Any CPU.Build.0 = Debug|Any CPU
		{DBE9F420-EA69-432C-8A63-7E4A5305610A}.Release|Any CPU.ActiveCfg = Release|Any CPU
		{DBE9F420-EA69-432C-8A63-7E4A5305610A}.Release|Any CPU.Build.0 = Release|Any CPU
		{80E3ED90-A1EC-48E5-A8BB-78D227150C33}.Debug|Any CPU.ActiveCfg = Debug|Any CPU
		{80E3ED90-A1EC-48E5-A8BB-78D227150C33}.Debug|Any CPU.Build.0 = Debug|Any CPU
		{80E3ED90-A1EC-48E5-A8BB-78D227150C33}.Release|Any CPU.ActiveCfg = Release|Any CPU
		{80E3ED90-A1EC-48E5-A8BB-78D227150C33}.Release|Any CPU.Build.0 = Release|Any CPU
		{62CF7E55-9599-42B7-A182-3A49A34F9032}.Debug|Any CPU.ActiveCfg = Debug|Any CPU
		{62CF7E55-9599-42B7-A182-3A49A34F9032}.Debug|Any CPU.Build.0 = Debug|Any CPU
		{62CF7E55-9599-42B7-A182-3A49A34F9032}.Release|Any CPU.ActiveCfg = Release|Any CPU
		{62CF7E55-9599-42B7-A182-3A49A34F9032}.Release|Any CPU.Build.0 = Release|Any CPU
		{A26EEC73-A3ED-4BE2-917C-43671AA4B1EA}.Debug|Any CPU.ActiveCfg = Debug|Any CPU
		{A26EEC73-A3ED-4BE2-917C-43671AA4B1EA}.Debug|Any CPU.Build.0 = Debug|Any CPU
		{A26EEC73-A3ED-4BE2-917C-43671AA4B1EA}.Release|Any CPU.ActiveCfg = Release|Any CPU
		{A26EEC73-A3ED-4BE2-917C-43671AA4B1EA}.Release|Any CPU.Build.0 = Release|Any CPU
		{BDB4B1C7-9C12-43ED-9A7B-F15E43D8FB83}.Debug|Any CPU.ActiveCfg = Debug|Any CPU
		{BDB4B1C7-9C12-43ED-9A7B-F15E43D8FB83}.Debug|Any CPU.Build.0 = Debug|Any CPU
		{BDB4B1C7-9C12-43ED-9A7B-F15E43D8FB83}.Release|Any CPU.ActiveCfg = Release|Any CPU
		{BDB4B1C7-9C12-43ED-9A7B-F15E43D8FB83}.Release|Any CPU.Build.0 = Release|Any CPU
		{ECBC6264-457F-416F-B187-845D2D9C5903}.Debug|Any CPU.ActiveCfg = Debug|Any CPU
		{ECBC6264-457F-416F-B187-845D2D9C5903}.Debug|Any CPU.Build.0 = Debug|Any CPU
		{ECBC6264-457F-416F-B187-845D2D9C5903}.Release|Any CPU.ActiveCfg = Release|Any CPU
		{ECBC6264-457F-416F-B187-845D2D9C5903}.Release|Any CPU.Build.0 = Release|Any CPU
		{8252A054-8F00-4A4C-8A56-430079782EC1}.Debug|Any CPU.ActiveCfg = Debug|Any CPU
		{8252A054-8F00-4A4C-8A56-430079782EC1}.Debug|Any CPU.Build.0 = Debug|Any CPU
		{8252A054-8F00-4A4C-8A56-430079782EC1}.Release|Any CPU.ActiveCfg = Release|Any CPU
		{8252A054-8F00-4A4C-8A56-430079782EC1}.Release|Any CPU.Build.0 = Release|Any CPU
		{E7DE9CC8-A3E2-4CCA-A2C6-72EE0FE860EF}.Debug|Any CPU.ActiveCfg = Debug|Any CPU
		{E7DE9CC8-A3E2-4CCA-A2C6-72EE0FE860EF}.Debug|Any CPU.Build.0 = Debug|Any CPU
		{E7DE9CC8-A3E2-4CCA-A2C6-72EE0FE860EF}.Release|Any CPU.ActiveCfg = Release|Any CPU
		{E7DE9CC8-A3E2-4CCA-A2C6-72EE0FE860EF}.Release|Any CPU.Build.0 = Release|Any CPU
		{3D5E073C-FF5F-4E7F-8A12-B8715357B34B}.Debug|Any CPU.ActiveCfg = Debug|Any CPU
		{3D5E073C-FF5F-4E7F-8A12-B8715357B34B}.Debug|Any CPU.Build.0 = Debug|Any CPU
		{3D5E073C-FF5F-4E7F-8A12-B8715357B34B}.Release|Any CPU.ActiveCfg = Release|Any CPU
		{3D5E073C-FF5F-4E7F-8A12-B8715357B34B}.Release|Any CPU.Build.0 = Release|Any CPU
	EndGlobalSection
	GlobalSection(SolutionProperties) = preSolution
		HideSolutionNode = FALSE
	EndGlobalSection
	GlobalSection(NestedProjects) = preSolution
		{E62D9F27-F5E3-4A0D-BF50-F45EB4E9FC03} = {02EA681E-C7D8-13C7-8484-4AC65E1B71E8}
		{AE26BEC9-060C-4EEB-926F-35F9EC538C9E} = {02EA681E-C7D8-13C7-8484-4AC65E1B71E8}
		{30856F3F-950E-4CD8-A689-E09D17C36963} = {02EA681E-C7D8-13C7-8484-4AC65E1B71E8}
		{AE4A4AC7-2AE8-49AF-B4F0-6173FEBFD3D3} = {C4598A61-A3CD-4D8E-B689-8DF94B590281}
		{BBEE89ED-C453-4D0E-B4D2-C28CA2E38956} = {C4598A61-A3CD-4D8E-B689-8DF94B590281}
		{128B4869-EF99-4F90-9B96-7FCCAD3C8DE7} = {C4598A61-A3CD-4D8E-B689-8DF94B590281}
		{DBE9F420-EA69-432C-8A63-7E4A5305610A} = {02BF205E-9F68-4683-AF72-078BAA98D327}
		{80E3ED90-A1EC-48E5-A8BB-78D227150C33} = {02BF205E-9F68-4683-AF72-078BAA98D327}
		{62CF7E55-9599-42B7-A182-3A49A34F9032} = {02BF205E-9F68-4683-AF72-078BAA98D327}
		{A26EEC73-A3ED-4BE2-917C-43671AA4B1EA} = {B056727C-EA28-4D6F-B593-25E27BB8AC4E}
		{BDB4B1C7-9C12-43ED-9A7B-F15E43D8FB83} = {B056727C-EA28-4D6F-B593-25E27BB8AC4E}
		{ECBC6264-457F-416F-B187-845D2D9C5903} = {B056727C-EA28-4D6F-B593-25E27BB8AC4E}
		{8252A054-8F00-4A4C-8A56-430079782EC1} = {354006FC-9AB1-40C8-9CF4-833C8D60DE1A}
		{E7DE9CC8-A3E2-4CCA-A2C6-72EE0FE860EF} = {354006FC-9AB1-40C8-9CF4-833C8D60DE1A}
		{3D5E073C-FF5F-4E7F-8A12-B8715357B34B} = {354006FC-9AB1-40C8-9CF4-833C8D60DE1A}
	EndGlobalSection
	GlobalSection(ExtensibilityGlobals) = postSolution
		SolutionGuid = {E94F756D-A3A0-4C8A-8255-A38AE7A6105B}
	EndGlobalSection
EndGlobal
